
Microsoft Visual Studio Solution File, Format Version 12.00
# Visual Studio Version 16
VisualStudioVersion = 16.0.31729.503
MinimumVisualStudioVersion = 10.0.40219.1
Project("{FAE04EC0-301F-11D3-BF4B-00C04F79EFBC}") = "SoundCard", "SoundCard\SoundCard.csproj", "{92B02BB8-0358-4F79-8317-F9B8320ABA70}"
EndProject
Global
	GlobalSection(SolutionConfigurationPlatforms) = preSolution
		Debug|Any CPU = Debug|Any CPU
		Release|Any CPU = Release|Any CPU
	EndGlobalSection
	GlobalSection(ProjectConfigurationPlatforms) = postSolution
		{92B02BB8-0358-4F79-8317-F9B8320ABA70}.Debug|Any CPU.ActiveCfg = Debug|Any CPU
		{92B02BB8-0358-4F79-8317-F9B8320ABA70}.Debug|Any CPU.Build.0 = Debug|Any CPU
		{92B02BB8-0358-4F79-8317-F9B8320ABA70}.Release|Any CPU.ActiveCfg = Release|Any CPU
		{92B02BB8-0358-4F79-8317-F9B8320ABA70}.Release|Any CPU.Build.0 = Release|Any CPU
	EndGlobalSection
	GlobalSection(SolutionProperties) = preSolution
		HideSolutionNode = FALSE
	EndGlobalSection
	GlobalSection(ExtensibilityGlobals) = postSolution
		SolutionGuid = {D232B9DF-612D-4479-8F3A-1996E5310D8D}
	EndGlobalSection
EndGlobal
