
Microsoft Visual Studio Solution File, Format Version 12.00
# Visual Studio Version 16
VisualStudioVersion = 16.0.31729.503
MinimumVisualStudioVersion = 10.0.40219.1
Project("{FAE04EC0-301F-11D3-BF4B-00C04F79EFBC}") = "Bluetooth", "Bluetooth\Bluetooth.csproj", "{07C644FB-6DCA-40F8-9C71-8A53066E9FBB}"
EndProject
Global
	GlobalSection(SolutionConfigurationPlatforms) = preSolution
		Debug|Any CPU = Debug|Any CPU
		Release|Any CPU = Release|Any CPU
	EndGlobalSection
	GlobalSection(ProjectConfigurationPlatforms) = postSolution
		{07C644FB-6DCA-40F8-9C71-8A53066E9FBB}.Debug|Any CPU.ActiveCfg = Debug|Any CPU
		{07C644FB-6DCA-40F8-9C71-8A53066E9FBB}.Debug|Any CPU.Build.0 = Debug|Any CPU
		{07C644FB-6DCA-40F8-9C71-8A53066E9FBB}.Release|Any CPU.ActiveCfg = Release|Any CPU
		{07C644FB-6DCA-40F8-9C71-8A53066E9FBB}.Release|Any CPU.Build.0 = Release|Any CPU
	EndGlobalSection
	GlobalSection(SolutionProperties) = preSolution
		HideSolutionNode = FALSE
	EndGlobalSection
	GlobalSection(ExtensibilityGlobals) = postSolution
		SolutionGuid = {D4204D44-38EE-4C49-850E-051C45FBD520}
	EndGlobalSection
EndGlobal
